
Microsoft Visual Studio Solution File, Format Version 12.00
# Visual Studio Version 17
VisualStudioVersion = 17.9.34723.18
MinimumVisualStudioVersion = 10.0.40219.1
Project("{FAE04EC0-301F-11D3-BF4B-00C04F79EFBC}") = "lesson5", "lesson5.csproj", "{CDCB13EE-8D55-479A-87E0-A2B6E179953E}"
EndProject
Global
	GlobalSection(SolutionConfigurationPlatforms) = preSolution
		Debug|Any CPU = Debug|Any CPU
		Release|Any CPU = Release|Any CPU
	EndGlobalSection
	GlobalSection(ProjectConfigurationPlatforms) = postSolution
		{CDCB13EE-8D55-479A-87E0-A2B6E179953E}.Debug|Any CPU.ActiveCfg = Debug|Any CPU
		{CDCB13EE-8D55-479A-87E0-A2B6E179953E}.Debug|Any CPU.Build.0 = Debug|Any CPU
		{CDCB13EE-8D55-479A-87E0-A2B6E179953E}.Release|Any CPU.ActiveCfg = Release|Any CPU
		{CDCB13EE-8D55-479A-87E0-A2B6E179953E}.Release|Any CPU.Build.0 = Release|Any CPU
	EndGlobalSection
	GlobalSection(SolutionProperties) = preSolution
		HideSolutionNode = FALSE
	EndGlobalSection
	GlobalSection(ExtensibilityGlobals) = postSolution
		SolutionGuid = {D97EDDE3-8BCA-434B-ACBB-E3E27B3653D0}
	EndGlobalSection
EndGlobal
